
Microsoft Visual Studio Solution File, Format Version 12.00
# Visual Studio Version 16
VisualStudioVersion = 16.0.30413.136
MinimumVisualStudioVersion = 10.0.40219.1
Project("{8BC9CEB8-8B4A-11D0-8D11-00A0C91BC942}") = "exercise053", "exercise053\exercise053.vcxproj", "{E760A527-7A93-4A37-8398-9FD01633D4DF}"
EndProject
Global
	GlobalSection(SolutionConfigurationPlatforms) = preSolution
		Debug|x64 = Debug|x64
		Debug|x86 = Debug|x86
		Release|x64 = Release|x64
		Release|x86 = Release|x86
	EndGlobalSection
	GlobalSection(ProjectConfigurationPlatforms) = postSolution
		{E760A527-7A93-4A37-8398-9FD01633D4DF}.Debug|x64.ActiveCfg = Debug|x64
		{E760A527-7A93-4A37-8398-9FD01633D4DF}.Debug|x64.Build.0 = Debug|x64
		{E760A527-7A93-4A37-8398-9FD01633D4DF}.Debug|x86.ActiveCfg = Debug|Win32
		{E760A527-7A93-4A37-8398-9FD01633D4DF}.Debug|x86.Build.0 = Debug|Win32
		{E760A527-7A93-4A37-8398-9FD01633D4DF}.Release|x64.ActiveCfg = Release|x64
		{E760A527-7A93-4A37-8398-9FD01633D4DF}.Release|x64.Build.0 = Release|x64
		{E760A527-7A93-4A37-8398-9FD01633D4DF}.Release|x86.ActiveCfg = Release|Win32
		{E760A527-7A93-4A37-8398-9FD01633D4DF}.Release|x86.Build.0 = Release|Win32
	EndGlobalSection
	GlobalSection(SolutionProperties) = preSolution
		HideSolutionNode = FALSE
	EndGlobalSection
	GlobalSection(ExtensibilityGlobals) = postSolution
		SolutionGuid = {153726D2-A1CF-4FE3-BD67-6769EC175B83}
	EndGlobalSection
EndGlobal
